
Microsoft Visual Studio Solution File, Format Version 12.00
# Visual Studio Version 17
VisualStudioVersion = 17.10.35122.118
MinimumVisualStudioVersion = 10.0.40219.1
Project("{FAE04EC0-301F-11D3-BF4B-00C04F79EFBC}") = "JsonTask", "JsonTask\JsonTask.csproj", "{1C9D0B99-6134-4C3D-96CF-9491DD7CCBEA}"
EndProject
Global
	GlobalSection(SolutionConfigurationPlatforms) = preSolution
		Debug|Any CPU = Debug|Any CPU
		Release|Any CPU = Release|Any CPU
	EndGlobalSection
	GlobalSection(ProjectConfigurationPlatforms) = postSolution
		{1C9D0B99-6134-4C3D-96CF-9491DD7CCBEA}.Debug|Any CPU.ActiveCfg = Debug|Any CPU
		{1C9D0B99-6134-4C3D-96CF-9491DD7CCBEA}.Debug|Any CPU.Build.0 = Debug|Any CPU
		{1C9D0B99-6134-4C3D-96CF-9491DD7CCBEA}.Release|Any CPU.ActiveCfg = Release|Any CPU
		{1C9D0B99-6134-4C3D-96CF-9491DD7CCBEA}.Release|Any CPU.Build.0 = Release|Any CPU
	EndGlobalSection
	GlobalSection(SolutionProperties) = preSolution
		HideSolutionNode = FALSE
	EndGlobalSection
	GlobalSection(ExtensibilityGlobals) = postSolution
		SolutionGuid = {45DB8230-6449-4BA7-915C-EAB4488FDEFF}
	EndGlobalSection
EndGlobal
